
Microsoft Visual Studio Solution File, Format Version 12.00
# Visual Studio Version 17
VisualStudioVersion = 17.13.35825.156 d17.13
MinimumVisualStudioVersion = 10.0.40219.1
Project("{FAE04EC0-301F-11D3-BF4B-00C04F79EFBC}") = "Bookstore.Mobile", "Bookstore.Mobile\Bookstore.Mobile.csproj", "{9C409884-0299-4FEB-BEDB-45AE1A583275}"
EndProject
Global
	GlobalSection(SolutionConfigurationPlatforms) = preSolution
		Debug|Any CPU = Debug|Any CPU
		Release|Any CPU = Release|Any CPU
	EndGlobalSection
	GlobalSection(ProjectConfigurationPlatforms) = postSolution
		{9C409884-0299-4FEB-BEDB-45AE1A583275}.Debug|Any CPU.ActiveCfg = Debug|Any CPU
		{9C409884-0299-4FEB-BEDB-45AE1A583275}.Debug|Any CPU.Build.0 = Debug|Any CPU
		{9C409884-0299-4FEB-BEDB-45AE1A583275}.Release|Any CPU.ActiveCfg = Release|Any CPU
		{9C409884-0299-4FEB-BEDB-45AE1A583275}.Release|Any CPU.Build.0 = Release|Any CPU
	EndGlobalSection
	GlobalSection(SolutionProperties) = preSolution
		HideSolutionNode = FALSE
	EndGlobalSection
	GlobalSection(ExtensibilityGlobals) = postSolution
		SolutionGuid = {E1037912-A921-447D-A50D-95117C7C6D12}
	EndGlobalSection
EndGlobal
